
Microsoft Visual Studio Solution File, Format Version 12.00
# Visual Studio Version 16
VisualStudioVersion = 16.0.30320.27
MinimumVisualStudioVersion = 10.0.40219.1
Project("{778DAE3C-4631-46EA-AA77-85C1314464D9}") = "Consola001", "Consola001\Consola001.vbproj", "{8A70626E-002A-4B8F-AF1C-41B2A918012C}"
EndProject
Project("{F184B08F-C81C-45F6-A57F-5ABD9991F28F}") = "ConsoleApp2", "ConsoleApp2\ConsoleApp2.vbproj", "{3FF56704-83EE-468F-A497-77B82C702B1F}"
EndProject
Project("{F184B08F-C81C-45F6-A57F-5ABD9991F28F}") = "ConsoleApp3", "ConsoleApp3\ConsoleApp3.vbproj", "{D47AF093-14D9-44A1-A86D-2EBCAFD5D6DB}"
EndProject
Project("{F184B08F-C81C-45F6-A57F-5ABD9991F28F}") = "ConsoleApp4", "ConsoleApp4\ConsoleApp4.vbproj", "{1C39884F-DA29-4893-A842-50F3CCBB2B49}"
EndProject
Global
	GlobalSection(SolutionConfigurationPlatforms) = preSolution
		Debug|Any CPU = Debug|Any CPU
		Release|Any CPU = Release|Any CPU
	EndGlobalSection
	GlobalSection(ProjectConfigurationPlatforms) = postSolution
		{8A70626E-002A-4B8F-AF1C-41B2A918012C}.Debug|Any CPU.ActiveCfg = Debug|Any CPU
		{8A70626E-002A-4B8F-AF1C-41B2A918012C}.Debug|Any CPU.Build.0 = Debug|Any CPU
		{8A70626E-002A-4B8F-AF1C-41B2A918012C}.Release|Any CPU.ActiveCfg = Release|Any CPU
		{8A70626E-002A-4B8F-AF1C-41B2A918012C}.Release|Any CPU.Build.0 = Release|Any CPU
		{3FF56704-83EE-468F-A497-77B82C702B1F}.Debug|Any CPU.ActiveCfg = Debug|Any CPU
		{3FF56704-83EE-468F-A497-77B82C702B1F}.Debug|Any CPU.Build.0 = Debug|Any CPU
		{3FF56704-83EE-468F-A497-77B82C702B1F}.Release|Any CPU.ActiveCfg = Release|Any CPU
		{3FF56704-83EE-468F-A497-77B82C702B1F}.Release|Any CPU.Build.0 = Release|Any CPU
		{D47AF093-14D9-44A1-A86D-2EBCAFD5D6DB}.Debug|Any CPU.ActiveCfg = Debug|Any CPU
		{D47AF093-14D9-44A1-A86D-2EBCAFD5D6DB}.Debug|Any CPU.Build.0 = Debug|Any CPU
		{D47AF093-14D9-44A1-A86D-2EBCAFD5D6DB}.Release|Any CPU.ActiveCfg = Release|Any CPU
		{D47AF093-14D9-44A1-A86D-2EBCAFD5D6DB}.Release|Any CPU.Build.0 = Release|Any CPU
		{1C39884F-DA29-4893-A842-50F3CCBB2B49}.Debug|Any CPU.ActiveCfg = Debug|Any CPU
		{1C39884F-DA29-4893-A842-50F3CCBB2B49}.Debug|Any CPU.Build.0 = Debug|Any CPU
		{1C39884F-DA29-4893-A842-50F3CCBB2B49}.Release|Any CPU.ActiveCfg = Release|Any CPU
		{1C39884F-DA29-4893-A842-50F3CCBB2B49}.Release|Any CPU.Build.0 = Release|Any CPU
	EndGlobalSection
	GlobalSection(SolutionProperties) = preSolution
		HideSolutionNode = FALSE
	EndGlobalSection
	GlobalSection(ExtensibilityGlobals) = postSolution
		SolutionGuid = {D157BDAA-3A87-4595-9C40-146066164B9B}
	EndGlobalSection
EndGlobal
